
Microsoft Visual Studio Solution File, Format Version 12.00
# Visual Studio Version 16
VisualStudioVersion = 16.0.30907.101
MinimumVisualStudioVersion = 10.0.40219.1
Project("{FAE04EC0-301F-11D3-BF4B-00C04F79EFBC}") = "Odev5KodlamaIo", "Odev5KodlamaIo\Odev5KodlamaIo.csproj", "{ED843A66-F506-4A5B-9A5B-713883BFBEFD}"
EndProject
Global
	GlobalSection(SolutionConfigurationPlatforms) = preSolution
		Debug|Any CPU = Debug|Any CPU
		Release|Any CPU = Release|Any CPU
	EndGlobalSection
	GlobalSection(ProjectConfigurationPlatforms) = postSolution
		{ED843A66-F506-4A5B-9A5B-713883BFBEFD}.Debug|Any CPU.ActiveCfg = Debug|Any CPU
		{ED843A66-F506-4A5B-9A5B-713883BFBEFD}.Debug|Any CPU.Build.0 = Debug|Any CPU
		{ED843A66-F506-4A5B-9A5B-713883BFBEFD}.Release|Any CPU.ActiveCfg = Release|Any CPU
		{ED843A66-F506-4A5B-9A5B-713883BFBEFD}.Release|Any CPU.Build.0 = Release|Any CPU
	EndGlobalSection
	GlobalSection(SolutionProperties) = preSolution
		HideSolutionNode = FALSE
	EndGlobalSection
	GlobalSection(ExtensibilityGlobals) = postSolution
		SolutionGuid = {2D26DE91-7CF2-4A84-940F-1B4BA687D57E}
	EndGlobalSection
EndGlobal
